// !$*UTF8*$!
{
	archiveVersion = 1;
	classes = {
	};
	objectVersion = 46;
	objects = {

/* Begin PBXBuildFile section */
		07CAF5AC15D7BB3B00C3DFFE /* UIKit.framework in Frameworks */ = {isa = PBXBuildFile; fileRef = 07CAF5AB15D7BB3B00C3DFFE /* UIKit.framework */; };
		07CAF5AE15D7BB3B00C3DFFE /* Foundation.framework in Frameworks */ = {isa = PBXBuildFile; fileRef = 07CAF5AD15D7BB3B00C3DFFE /* Foundation.framework */; };
		07CAF5B015D7BB3B00C3DFFE /* CoreGraphics.framework in Frameworks */ = {isa = PBXBuildFile; fileRef = 07CAF5AF15D7BB3B00C3DFFE /* CoreGraphics.framework */; };
		07CAF5B615D7BB3B00C3DFFE /* InfoPlist.strings in Resources */ = {isa = PBXBuildFile; fileRef = 07CAF5B415D7BB3B00C3DFFE /* InfoPlist.strings */; };
		07CAF5B815D7BB3B00C3DFFE /* main.m in Sources */ = {isa = PBXBuildFile; fileRef = 07CAF5B715D7BB3B00C3DFFE /* main.m */; };
		07CAF5BC15D7BB3B00C3DFFE /* AppDelegate.m in Sources */ = {isa = PBXBuildFile; fileRef = 07CAF5BB15D7BB3B00C3DFFE /* AppDelegate.m */; };
		07CAF5BF15D7BB3B00C3DFFE /* MainStoryboard.storyboard in Resources */ = {isa = PBXBuildFile; fileRef = 07CAF5BD15D7BB3B00C3DFFE /* MainStoryboard.storyboard */; };
		07CAF5C215D7BB3B00C3DFFE /* ViewController.m in Sources */ = {isa = PBXBuildFile; fileRef = 07CAF5C115D7BB3B00C3DFFE /* ViewController.m */; };
		07CAF5CA15D7BB8E00C3DFFE /* View.m in Sources */ = {isa = PBXBuildFile; fileRef = 07CAF5C915D7BB8E00C3DFFE /* View.m */; };
		07CAF5CC15D7BBBD00C3DFFE /* image.png in Resources */ = {isa = PBXBuildFile; fileRef = 07CAF5CB15D7BBBD00C3DFFE /* image.png */; };
		07CAF5CE15D7BC7C00C3DFFE /* QuartzCore.framework in Frameworks */ = {isa = PBXBuildFile; fileRef = 07CAF5CD15D7BC7C00C3DFFE /* QuartzCore.framework */; };
/* End PBXBuildFile section */

/* Begin PBXFileReference section */
		07CAF5A715D7BB3B00C3DFFE /* TouchAndGesture.app */ = {isa = PBXFileReference; explicitFileType = wrapper.application; includeInIndex = 0; path = TouchAndGesture.app; sourceTree = BUILT_PRODUCTS_DIR; };
		07CAF5AB15D7BB3B00C3DFFE /* UIKit.framework */ = {isa = PBXFileReference; lastKnownFileType = wrapper.framework; name = UIKit.framework; path = System/Library/Frameworks/UIKit.framework; sourceTree = SDKROOT; };
		07CAF5AD15D7BB3B00C3DFFE /* Foundation.framework */ = {isa = PBXFileReference; lastKnownFileType = wrapper.framework; name = Foundation.framework; path = System/Library/Frameworks/Foundation.framework; sourceTree = SDKROOT; };
		07CAF5AF15D7BB3B00C3DFFE /* CoreGraphics.framework */ = {isa = PBXFileReference; lastKnownFileType = wrapper.framework; name = CoreGraphics.framework; path = System/Library/Frameworks/CoreGraphics.framework; sourceTree = SDKROOT; };
		07CAF5B315D7BB3B00C3DFFE /* TouchAndGesture-Info.plist */ = {isa = PBXFileReference; lastKnownFileType = text.plist.xml; path = "TouchAndGesture-Info.plist"; sourceTree = "<group>"; };
		07CAF5B515D7BB3B00C3DFFE /* en */ = {isa = PBXFileReference; lastKnownFileType = text.plist.strings; name = en; path = en.lproj/InfoPlist.strings; sourceTree = "<group>"; };
		07CAF5B715D7BB3B00C3DFFE /* main.m */ = {isa = PBXFileReference; lastKnownFileType = sourcecode.c.objc; path = main.m; sourceTree = "<group>"; };
		07CAF5B915D7BB3B00C3DFFE /* TouchAndGesture-Prefix.pch */ = {isa = PBXFileReference; lastKnownFileType = sourcecode.c.h; path = "TouchAndGesture-Prefix.pch"; sourceTree = "<group>"; };
		07CAF5BA15D7BB3B00C3DFFE /* AppDelegate.h */ = {isa = PBXFileReference; lastKnownFileType = sourcecode.c.h; path = AppDelegate.h; sourceTree = "<group>"; };
		07CAF5BB15D7BB3B00C3DFFE /* AppDelegate.m */ = {isa = PBXFileReference; lastKnownFileType = sourcecode.c.objc; path = AppDelegate.m; sourceTree = "<group>"; };
		07CAF5BE15D7BB3B00C3DFFE /* en */ = {isa = PBXFileReference; lastKnownFileType = file.storyboard; name = en; path = en.lproj/MainStoryboard.storyboard; sourceTree = "<group>"; };
		07CAF5C015D7BB3B00C3DFFE /* ViewController.h */ = {isa = PBXFileReference; lastKnownFileType = sourcecode.c.h; path = ViewController.h; sourceTree = "<group>"; };
		07CAF5C115D7BB3B00C3DFFE /* ViewController.m */ = {isa = PBXFileReference; lastKnownFileType = sourcecode.c.objc; path = ViewController.m; sourceTree = "<group>"; };
		07CAF5C815D7BB8E00C3DFFE /* View.h */ = {isa = PBXFileReference; fileEncoding = 4; lastKnownFileType = sourcecode.c.h; path = View.h; sourceTree = "<group>"; };
		07CAF5C915D7BB8E00C3DFFE /* View.m */ = {isa = PBXFileReference; fileEncoding = 4; lastKnownFileType = sourcecode.c.objc; path = View.m; sourceTree = "<group>"; };
		07CAF5CB15D7BBBD00C3DFFE /* image.png */ = {isa = PBXFileReference; lastKnownFileType = image.png; path = image.png; sourceTree = "<group>"; };
		07CAF5CD15D7BC7C00C3DFFE /* QuartzCore.framework */ = {isa = PBXFileReference; lastKnownFileType = wrapper.framework; name = QuartzCore.framework; path = System/Library/Frameworks/QuartzCore.framework; sourceTree = SDKROOT; };
/* End PBXFileReference section */

/* Begin PBXFrameworksBuildPhase section */
		07CAF5A415D7BB3B00C3DFFE /* Frameworks */ = {
			isa = PBXFrameworksBuildPhase;
			buildActionMask = 2147483647;
			files = (
				07CAF5CE15D7BC7C00C3DFFE /* QuartzCore.framework in Frameworks */,
				07CAF5AC15D7BB3B00C3DFFE /* UIKit.framework in Frameworks */,
				07CAF5AE15D7BB3B00C3DFFE /* Foundation.framework in Frameworks */,
				07CAF5B015D7BB3B00C3DFFE /* CoreGraphics.framework in Frameworks */,
			);
			runOnlyForDeploymentPostprocessing = 0;
		};
/* End PBXFrameworksBuildPhase section */

/* Begin PBXGroup section */
		07CAF59C15D7BB3B00C3DFFE = {
			isa = PBXGroup;
			children = (
				07CAF5B115D7BB3B00C3DFFE /* TouchAndGesture */,
				07CAF5AA15D7BB3B00C3DFFE /* Frameworks */,
				07CAF5A815D7BB3B00C3DFFE /* Products */,
			);
			sourceTree = "<group>";
		};
		07CAF5A815D7BB3B00C3DFFE /* Products */ = {
			isa = PBXGroup;
			children = (
				07CAF5A715D7BB3B00C3DFFE /* TouchAndGesture.app */,
			);
			name = Products;
			sourceTree = "<group>";
		};
		07CAF5AA15D7BB3B00C3DFFE /* Frameworks */ = {
			isa = PBXGroup;
			children = (
				07CAF5CD15D7BC7C00C3DFFE /* QuartzCore.framework */,
				07CAF5AB15D7BB3B00C3DFFE /* UIKit.framework */,
				07CAF5AD15D7BB3B00C3DFFE /* Foundation.framework */,
				07CAF5AF15D7BB3B00C3DFFE /* CoreGraphics.framework */,
			);
			name = Frameworks;
			sourceTree = "<group>";
		};
		07CAF5B115D7BB3B00C3DFFE /* TouchAndGesture */ = {
			isa = PBXGroup;
			children = (
				07CAF5CB15D7BBBD00C3DFFE /* image.png */,
				07CAF5BA15D7BB3B00C3DFFE /* AppDelegate.h */,
				07CAF5BB15D7BB3B00C3DFFE /* AppDelegate.m */,
				07CAF5BD15D7BB3B00C3DFFE /* MainStoryboard.storyboard */,
				07CAF5C815D7BB8E00C3DFFE /* View.h */,
				07CAF5C915D7BB8E00C3DFFE /* View.m */,
				07CAF5C015D7BB3B00C3DFFE /* ViewController.h */,
				07CAF5C115D7BB3B00C3DFFE /* ViewController.m */,
				07CAF5B215D7BB3B00C3DFFE /* Supporting Files */,
			);
			path = TouchAndGesture;
			sourceTree = "<group>";
		};
		07CAF5B215D7BB3B00C3DFFE /* Supporting Files */ = {
			isa = PBXGroup;
			children = (
				07CAF5B315D7BB3B00C3DFFE /* TouchAndGesture-Info.plist */,
				07CAF5B415D7BB3B00C3DFFE /* InfoPlist.strings */,
				07CAF5B715D7BB3B00C3DFFE /* main.m */,
				07CAF5B915D7BB3B00C3DFFE /* TouchAndGesture-Prefix.pch */,
			);
			name = "Supporting Files";
			sourceTree = "<group>";
		};
/* End PBXGroup section */

/* Begin PBXNativeTarget section */
		07CAF5A615D7BB3B00C3DFFE /* TouchAndGesture */ = {
			isa = PBXNativeTarget;
			buildConfigurationList = 07CAF5C515D7BB3B00C3DFFE /* Build configuration list for PBXNativeTarget "TouchAndGesture" */;
			buildPhases = (
				07CAF5A315D7BB3B00C3DFFE /* Sources */,
				07CAF5A415D7BB3B00C3DFFE /* Frameworks */,
				07CAF5A515D7BB3B00C3DFFE /* Resources */,
			);
			buildRules = (
			);
			dependencies = (
			);
			name = TouchAndGesture;
			productName = TouchAndGesture;
			productReference = 07CAF5A715D7BB3B00C3DFFE /* TouchAndGesture.app */;
			productType = "com.apple.product-type.application";
		};
/* End PBXNativeTarget section */

/* Begin PBXProject section */
		07CAF59E15D7BB3B00C3DFFE /* Project object */ = {
			isa = PBXProject;
			attributes = {
				LastUpgradeCheck = 0430;
			};
			buildConfigurationList = 07CAF5A115D7BB3B00C3DFFE /* Build configuration list for PBXProject "TouchAndGesture" */;
			compatibilityVersion = "Xcode 3.2";
			developmentRegion = English;
			hasScannedForEncodings = 0;
			knownRegions = (
				en,
			);
			mainGroup = 07CAF59C15D7BB3B00C3DFFE;
			productRefGroup = 07CAF5A815D7BB3B00C3DFFE /* Products */;
			projectDirPath = "";
			projectRoot = "";
			targets = (
				07CAF5A615D7BB3B00C3DFFE /* TouchAndGesture */,
			);
		};
/* End PBXProject section */

/* Begin PBXResourcesBuildPhase section */
		07CAF5A515D7BB3B00C3DFFE /* Resources */ = {
			isa = PBXResourcesBuildPhase;
			buildActionMask = 2147483647;
			files = (
				07CAF5B615D7BB3B00C3DFFE /* InfoPlist.strings in Resources */,
				07CAF5BF15D7BB3B00C3DFFE /* MainStoryboard.storyboard in Resources */,
				07CAF5CC15D7BBBD00C3DFFE /* image.png in Resources */,
			);
			runOnlyForDeploymentPostprocessing = 0;
		};
/* End PBXResourcesBuildPhase section */

/* Begin PBXSourcesBuildPhase section */
		07CAF5A315D7BB3B00C3DFFE /* Sources */ = {
			isa = PBXSourcesBuildPhase;
			buildActionMask = 2147483647;
			files = (
				07CAF5B815D7BB3B00C3DFFE /* main.m in Sources */,
				07CAF5BC15D7BB3B00C3DFFE /* AppDelegate.m in Sources */,
				07CAF5C215D7BB3B00C3DFFE /* ViewController.m in Sources */,
				07CAF5CA15D7BB8E00C3DFFE /* View.m in Sources */,
			);
			runOnlyForDeploymentPostprocessing = 0;
		};
/* End PBXSourcesBuildPhase section */

/* Begin PBXVariantGroup section */
		07CAF5B415D7BB3B00C3DFFE /* InfoPlist.strings */ = {
			isa = PBXVariantGroup;
			children = (
				07CAF5B515D7BB3B00C3DFFE /* en */,
			);
			name = InfoPlist.strings;
			sourceTree = "<group>";
		};
		07CAF5BD15D7BB3B00C3DFFE /* MainStoryboard.storyboard */ = {
			isa = PBXVariantGroup;
			children = (
				07CAF5BE15D7BB3B00C3DFFE /* en */,
			);
			name = MainStoryboard.storyboard;
			sourceTree = "<group>";
		};
/* End PBXVariantGroup section */

/* Begin XCBuildConfiguration section */
		07CAF5C315D7BB3B00C3DFFE /* Debug */ = {
			isa = XCBuildConfiguration;
			buildSettings = {
				ALWAYS_SEARCH_USER_PATHS = NO;
				ARCHS = "$(ARCHS_STANDARD_32_BIT)";
				CLANG_ENABLE_OBJC_ARC = YES;
				"CODE_SIGN_IDENTITY[sdk=iphoneos*]" = "iPhone Developer";
				COPY_PHASE_STRIP = NO;
				GCC_C_LANGUAGE_STANDARD = gnu99;
				GCC_DYNAMIC_NO_PIC = NO;
				GCC_OPTIMIZATION_LEVEL = 0;
				GCC_PREPROCESSOR_DEFINITIONS = (
					"DEBUG=1",
					"$(inherited)",
				);
				GCC_SYMBOLS_PRIVATE_EXTERN = NO;
				GCC_VERSION = com.apple.compilers.llvm.clang.1_0;
				GCC_WARN_ABOUT_RETURN_TYPE = YES;
				GCC_WARN_UNINITIALIZED_AUTOS = YES;
				GCC_WARN_UNUSED_VARIABLE = YES;
				IPHONEOS_DEPLOYMENT_TARGET = 5.1;
				SDKROOT = iphoneos;
			};
			name = Debug;
		};
		07CAF5C415D7BB3B00C3DFFE /* Release */ = {
			isa = XCBuildConfiguration;
			buildSettings = {
				ALWAYS_SEARCH_USER_PATHS = NO;
				ARCHS = "$(ARCHS_STANDARD_32_BIT)";
				CLANG_ENABLE_OBJC_ARC = YES;
				"CODE_SIGN_IDENTITY[sdk=iphoneos*]" = "iPhone Developer";
				COPY_PHASE_STRIP = YES;
				GCC_C_LANGUAGE_STANDARD = gnu99;
				GCC_VERSION = com.apple.compilers.llvm.clang.1_0;
				GCC_WARN_ABOUT_RETURN_TYPE = YES;
				GCC_WARN_UNINITIALIZED_AUTOS = YES;
				GCC_WARN_UNUSED_VARIABLE = YES;
				IPHONEOS_DEPLOYMENT_TARGET = 5.1;
				OTHER_CFLAGS = "-DNS_BLOCK_ASSERTIONS=1";
				SDKROOT = iphoneos;
				VALIDATE_PRODUCT = YES;
			};
			name = Release;
		};
		07CAF5C615D7BB3B00C3DFFE /* Debug */ = {
			isa = XCBuildConfiguration;
			buildSettings = {
				GCC_PRECOMPILE_PREFIX_HEADER = YES;
				GCC_PREFIX_HEADER = "TouchAndGesture/TouchAndGesture-Prefix.pch";
				INFOPLIST_FILE = "TouchAndGesture/TouchAndGesture-Info.plist";
				PRODUCT_NAME = "$(TARGET_NAME)";
				WRAPPER_EXTENSION = app;
			};
			name = Debug;
		};
		07CAF5C715D7BB3B00C3DFFE /* Release */ = {
			isa = XCBuildConfiguration;
			buildSettings = {
				GCC_PRECOMPILE_PREFIX_HEADER = YES;
				GCC_PREFIX_HEADER = "TouchAndGesture/TouchAndGesture-Prefix.pch";
				INFOPLIST_FILE = "TouchAndGesture/TouchAndGesture-Info.plist";
				PRODUCT_NAME = "$(TARGET_NAME)";
				WRAPPER_EXTENSION = app;
			};
			name = Release;
		};
/* End XCBuildConfiguration section */

/* Begin XCConfigurationList section */
		07CAF5A115D7BB3B00C3DFFE /* Build configuration list for PBXProject "TouchAndGesture" */ = {
			isa = XCConfigurationList;
			buildConfigurations = (
				07CAF5C315D7BB3B00C3DFFE /* Debug */,
				07CAF5C415D7BB3B00C3DFFE /* Release */,
			);
			defaultConfigurationIsVisible = 0;
			defaultConfigurationName = Release;
		};
		07CAF5C515D7BB3B00C3DFFE /* Build configuration list for PBXNativeTarget "TouchAndGesture" */ = {
			isa = XCConfigurationList;
			buildConfigurations = (
				07CAF5C615D7BB3B00C3DFFE /* Debug */,
				07CAF5C715D7BB3B00C3DFFE /* Release */,
			);
			defaultConfigurationIsVisible = 0;
		};
/* End XCConfigurationList section */
	};
	rootObject = 07CAF59E15D7BB3B00C3DFFE /* Project object */;
}
